
Microsoft Visual Studio Solution File, Format Version 12.00
# Visual Studio Version 16
VisualStudioVersion = 16.0.30717.126
MinimumVisualStudioVersion = 10.0.40219.1
Project("{FAE04EC0-301F-11D3-BF4B-00C04F79EFBC}") = "CronWithHost", "CronWithHost\CronWithHost.csproj", "{1A3E580F-9754-4866-8088-6A54626F0850}"
EndProject
Global
	GlobalSection(SolutionConfigurationPlatforms) = preSolution
		Debug|Any CPU = Debug|Any CPU
		Release|Any CPU = Release|Any CPU
	EndGlobalSection
	GlobalSection(ProjectConfigurationPlatforms) = postSolution
		{1A3E580F-9754-4866-8088-6A54626F0850}.Debug|Any CPU.ActiveCfg = Debug|Any CPU
		{1A3E580F-9754-4866-8088-6A54626F0850}.Debug|Any CPU.Build.0 = Debug|Any CPU
		{1A3E580F-9754-4866-8088-6A54626F0850}.Release|Any CPU.ActiveCfg = Release|Any CPU
		{1A3E580F-9754-4866-8088-6A54626F0850}.Release|Any CPU.Build.0 = Release|Any CPU
	EndGlobalSection
	GlobalSection(SolutionProperties) = preSolution
		HideSolutionNode = FALSE
	EndGlobalSection
	GlobalSection(ExtensibilityGlobals) = postSolution
		SolutionGuid = {17305CB7-48A3-4885-82D5-3BCDC65D50CB}
	EndGlobalSection
EndGlobal
